
Microsoft Visual Studio Solution File, Format Version 12.00
# Visual Studio Version 17
VisualStudioVersion = 17.8.34316.72
MinimumVisualStudioVersion = 10.0.40219.1
Project("{9A19103F-16F7-4668-BE54-9A1E7A4F7556}") = "Backoffice", "Backoffice\Backoffice\Backoffice.csproj", "{C0C8379B-E349-48D5-89EA-E860C2A2F259}"
EndProject
Project("{9A19103F-16F7-4668-BE54-9A1E7A4F7556}") = "Backoffice.Client", "Backoffice\Backoffice.Client\Backoffice.Client.csproj", "{BF756DAC-3042-494B-8D12-BD46E2E0BE8B}"
EndProject
Global
	GlobalSection(SolutionConfigurationPlatforms) = preSolution
		Debug|Any CPU = Debug|Any CPU
		Release|Any CPU = Release|Any CPU
	EndGlobalSection
	GlobalSection(ProjectConfigurationPlatforms) = postSolution
		{C0C8379B-E349-48D5-89EA-E860C2A2F259}.Debug|Any CPU.ActiveCfg = Debug|Any CPU
		{C0C8379B-E349-48D5-89EA-E860C2A2F259}.Debug|Any CPU.Build.0 = Debug|Any CPU
		{C0C8379B-E349-48D5-89EA-E860C2A2F259}.Release|Any CPU.ActiveCfg = Release|Any CPU
		{C0C8379B-E349-48D5-89EA-E860C2A2F259}.Release|Any CPU.Build.0 = Release|Any CPU
		{BF756DAC-3042-494B-8D12-BD46E2E0BE8B}.Debug|Any CPU.ActiveCfg = Debug|Any CPU
		{BF756DAC-3042-494B-8D12-BD46E2E0BE8B}.Debug|Any CPU.Build.0 = Debug|Any CPU
		{BF756DAC-3042-494B-8D12-BD46E2E0BE8B}.Release|Any CPU.ActiveCfg = Release|Any CPU
		{BF756DAC-3042-494B-8D12-BD46E2E0BE8B}.Release|Any CPU.Build.0 = Release|Any CPU
	EndGlobalSection
	GlobalSection(SolutionProperties) = preSolution
		HideSolutionNode = FALSE
	EndGlobalSection
	GlobalSection(ExtensibilityGlobals) = postSolution
		SolutionGuid = {950A06A6-FF97-4A91-B7D9-29A35276EC2E}
	EndGlobalSection
EndGlobal
